
Microsoft Visual Studio Solution File, Format Version 12.00
# Visual Studio 2012
Project("{FAE04EC0-301F-11D3-BF4B-00C04F79EFBC}") = "SortsLibrary", "SortsLibrary\SortsLibrary.csproj", "{BD5B6813-BD44-4A53-9F81-F3B19082BEC4}"
EndProject
Project("{FAE04EC0-301F-11D3-BF4B-00C04F79EFBC}") = "SortsTests", "SortsTests\SortsTests.csproj", "{BF410FD2-50A3-4E70-A1AC-E6BF7B3760E8}"
EndProject
Project("{FAE04EC0-301F-11D3-BF4B-00C04F79EFBC}") = "SortApplication", "SortApplication\SortApplication.csproj", "{035B8FD9-2D26-4600-86AD-95DEFEEAF7E5}"
EndProject
Global
	GlobalSection(SolutionConfigurationPlatforms) = preSolution
		Debug|Any CPU = Debug|Any CPU
		Release|Any CPU = Release|Any CPU
	EndGlobalSection
	GlobalSection(ProjectConfigurationPlatforms) = postSolution
		{BD5B6813-BD44-4A53-9F81-F3B19082BEC4}.Debug|Any CPU.ActiveCfg = Debug|Any CPU
		{BD5B6813-BD44-4A53-9F81-F3B19082BEC4}.Debug|Any CPU.Build.0 = Debug|Any CPU
		{BD5B6813-BD44-4A53-9F81-F3B19082BEC4}.Release|Any CPU.ActiveCfg = Release|Any CPU
		{BD5B6813-BD44-4A53-9F81-F3B19082BEC4}.Release|Any CPU.Build.0 = Release|Any CPU
		{BF410FD2-50A3-4E70-A1AC-E6BF7B3760E8}.Debug|Any CPU.ActiveCfg = Debug|Any CPU
		{BF410FD2-50A3-4E70-A1AC-E6BF7B3760E8}.Debug|Any CPU.Build.0 = Debug|Any CPU
		{BF410FD2-50A3-4E70-A1AC-E6BF7B3760E8}.Release|Any CPU.ActiveCfg = Release|Any CPU
		{BF410FD2-50A3-4E70-A1AC-E6BF7B3760E8}.Release|Any CPU.Build.0 = Release|Any CPU
		{035B8FD9-2D26-4600-86AD-95DEFEEAF7E5}.Debug|Any CPU.ActiveCfg = Debug|Any CPU
		{035B8FD9-2D26-4600-86AD-95DEFEEAF7E5}.Debug|Any CPU.Build.0 = Debug|Any CPU
		{035B8FD9-2D26-4600-86AD-95DEFEEAF7E5}.Release|Any CPU.ActiveCfg = Release|Any CPU
		{035B8FD9-2D26-4600-86AD-95DEFEEAF7E5}.Release|Any CPU.Build.0 = Release|Any CPU
	EndGlobalSection
	GlobalSection(SolutionProperties) = preSolution
		HideSolutionNode = FALSE
	EndGlobalSection
EndGlobal
